// !$*UTF8*$!
{
	archiveVersion = 1;
	classes = {
	};
	objectVersion = 50;
	objects = {

/* Begin PBXBuildFile section */
		7948185721B5F3E00036D86D /* AppDelegate.swift in Sources */ = {isa = PBXBuildFile; fileRef = 7948185621B5F3E00036D86D /* AppDelegate.swift */; };
		7948185921B5F3E00036D86D /* ViewController.swift in Sources */ = {isa = PBXBuildFile; fileRef = 7948185821B5F3E00036D86D /* ViewController.swift */; };
		7948185C21B5F3E00036D86D /* Main.storyboard in Resources */ = {isa = PBXBuildFile; fileRef = 7948185A21B5F3E00036D86D /* Main.storyboard */; };
		7948185E21B5F3E10036D86D /* Assets.xcassets in Resources */ = {isa = PBXBuildFile; fileRef = 7948185D21B5F3E10036D86D /* Assets.xcassets */; };
		7948186121B5F3E10036D86D /* LaunchScreen.storyboard in Resources */ = {isa = PBXBuildFile; fileRef = 7948185F21B5F3E10036D86D /* LaunchScreen.storyboard */; };
		7948186C21B5F3E10036D86D /* LeBaluchonTests.swift in Sources */ = {isa = PBXBuildFile; fileRef = 7948186B21B5F3E10036D86D /* LeBaluchonTests.swift */; };
		7948187721B5F3E10036D86D /* LeBaluchonUITests.swift in Sources */ = {isa = PBXBuildFile; fileRef = 7948187621B5F3E10036D86D /* LeBaluchonUITests.swift */; };
/* End PBXBuildFile section */

/* Begin PBXContainerItemProxy section */
		7948186821B5F3E10036D86D /* PBXContainerItemProxy */ = {
			isa = PBXContainerItemProxy;
			containerPortal = 7948184B21B5F3E00036D86D /* Project object */;
			proxyType = 1;
			remoteGlobalIDString = 7948185221B5F3E00036D86D;
			remoteInfo = LeBaluchon;
		};
		7948187321B5F3E10036D86D /* PBXContainerItemProxy */ = {
			isa = PBXContainerItemProxy;
			containerPortal = 7948184B21B5F3E00036D86D /* Project object */;
			proxyType = 1;
			remoteGlobalIDString = 7948185221B5F3E00036D86D;
			remoteInfo = LeBaluchon;
		};
/* End PBXContainerItemProxy section */

/* Begin PBXFileReference section */
		7948185321B5F3E00036D86D /* LeBaluchon.app */ = {isa = PBXFileReference; explicitFileType = wrapper.application; includeInIndex = 0; path = LeBaluchon.app; sourceTree = BUILT_PRODUCTS_DIR; };
		7948185621B5F3E00036D86D /* AppDelegate.swift */ = {isa = PBXFileReference; lastKnownFileType = sourcecode.swift; path = AppDelegate.swift; sourceTree = "<group>"; };
		7948185821B5F3E00036D86D /* ViewController.swift */ = {isa = PBXFileReference; lastKnownFileType = sourcecode.swift; path = ViewController.swift; sourceTree = "<group>"; };
		7948185B21B5F3E00036D86D /* Base */ = {isa = PBXFileReference; lastKnownFileType = file.storyboard; name = Base; path = Base.lproj/Main.storyboard; sourceTree = "<group>"; };
		7948185D21B5F3E10036D86D /* Assets.xcassets */ = {isa = PBXFileReference; lastKnownFileType = folder.assetcatalog; path = Assets.xcassets; sourceTree = "<group>"; };
		7948186021B5F3E10036D86D /* Base */ = {isa = PBXFileReference; lastKnownFileType = file.storyboard; name = Base; path = Base.lproj/LaunchScreen.storyboard; sourceTree = "<group>"; };
		7948186221B5F3E10036D86D /* Info.plist */ = {isa = PBXFileReference; lastKnownFileType = text.plist.xml; path = Info.plist; sourceTree = "<group>"; };
		7948186721B5F3E10036D86D /* LeBaluchonTests.xctest */ = {isa = PBXFileReference; explicitFileType = wrapper.cfbundle; includeInIndex = 0; path = LeBaluchonTests.xctest; sourceTree = BUILT_PRODUCTS_DIR; };
		7948186B21B5F3E10036D86D /* LeBaluchonTests.swift */ = {isa = PBXFileReference; lastKnownFileType = sourcecode.swift; path = LeBaluchonTests.swift; sourceTree = "<group>"; };
		7948186D21B5F3E10036D86D /* Info.plist */ = {isa = PBXFileReference; lastKnownFileType = text.plist.xml; path = Info.plist; sourceTree = "<group>"; };
		7948187221B5F3E10036D86D /* LeBaluchonUITests.xctest */ = {isa = PBXFileReference; explicitFileType = wrapper.cfbundle; includeInIndex = 0; path = LeBaluchonUITests.xctest; sourceTree = BUILT_PRODUCTS_DIR; };
		7948187621B5F3E10036D86D /* LeBaluchonUITests.swift */ = {isa = PBXFileReference; lastKnownFileType = sourcecode.swift; path = LeBaluchonUITests.swift; sourceTree = "<group>"; };
		7948187821B5F3E10036D86D /* Info.plist */ = {isa = PBXFileReference; lastKnownFileType = text.plist.xml; path = Info.plist; sourceTree = "<group>"; };
/* End PBXFileReference section */

/* Begin PBXFrameworksBuildPhase section */
		7948185021B5F3E00036D86D /* Frameworks */ = {
			isa = PBXFrameworksBuildPhase;
			buildActionMask = 2147483647;
			files = (
			);
			runOnlyForDeploymentPostprocessing = 0;
		};
		7948186421B5F3E10036D86D /* Frameworks */ = {
			isa = PBXFrameworksBuildPhase;
			buildActionMask = 2147483647;
			files = (
			);
			runOnlyForDeploymentPostprocessing = 0;
		};
		7948186F21B5F3E10036D86D /* Frameworks */ = {
			isa = PBXFrameworksBuildPhase;
			buildActionMask = 2147483647;
			files = (
			);
			runOnlyForDeploymentPostprocessing = 0;
		};
/* End PBXFrameworksBuildPhase section */

/* Begin PBXGroup section */
		7948184A21B5F3E00036D86D = {
			isa = PBXGroup;
			children = (
				7948185521B5F3E00036D86D /* LeBaluchon */,
				7948186A21B5F3E10036D86D /* LeBaluchonTests */,
				7948187521B5F3E10036D86D /* LeBaluchonUITests */,
				7948185421B5F3E00036D86D /* Products */,
			);
			sourceTree = "<group>";
		};
		7948185421B5F3E00036D86D /* Products */ = {
			isa = PBXGroup;
			children = (
				7948185321B5F3E00036D86D /* LeBaluchon.app */,
				7948186721B5F3E10036D86D /* LeBaluchonTests.xctest */,
				7948187221B5F3E10036D86D /* LeBaluchonUITests.xctest */,
			);
			name = Products;
			sourceTree = "<group>";
		};
		7948185521B5F3E00036D86D /* LeBaluchon */ = {
			isa = PBXGroup;
			children = (
				7948185621B5F3E00036D86D /* AppDelegate.swift */,
				7948185821B5F3E00036D86D /* ViewController.swift */,
				7948185A21B5F3E00036D86D /* Main.storyboard */,
				7948185D21B5F3E10036D86D /* Assets.xcassets */,
				7948185F21B5F3E10036D86D /* LaunchScreen.storyboard */,
				7948186221B5F3E10036D86D /* Info.plist */,
			);
			path = LeBaluchon;
			sourceTree = "<group>";
		};
		7948186A21B5F3E10036D86D /* LeBaluchonTests */ = {
			isa = PBXGroup;
			children = (
				7948186B21B5F3E10036D86D /* LeBaluchonTests.swift */,
				7948186D21B5F3E10036D86D /* Info.plist */,
			);
			path = LeBaluchonTests;
			sourceTree = "<group>";
		};
		7948187521B5F3E10036D86D /* LeBaluchonUITests */ = {
			isa = PBXGroup;
			children = (
				7948187621B5F3E10036D86D /* LeBaluchonUITests.swift */,
				7948187821B5F3E10036D86D /* Info.plist */,
			);
			path = LeBaluchonUITests;
			sourceTree = "<group>";
		};
/* End PBXGroup section */

/* Begin PBXNativeTarget section */
		7948185221B5F3E00036D86D /* LeBaluchon */ = {
			isa = PBXNativeTarget;
			buildConfigurationList = 7948187B21B5F3E10036D86D /* Build configuration list for PBXNativeTarget "LeBaluchon" */;
			buildPhases = (
				7948184F21B5F3E00036D86D /* Sources */,
				7948185021B5F3E00036D86D /* Frameworks */,
				7948185121B5F3E00036D86D /* Resources */,
			);
			buildRules = (
			);
			dependencies = (
			);
			name = LeBaluchon;
			productName = LeBaluchon;
			productReference = 7948185321B5F3E00036D86D /* LeBaluchon.app */;
			productType = "com.apple.product-type.application";
		};
		7948186621B5F3E10036D86D /* LeBaluchonTests */ = {
			isa = PBXNativeTarget;
			buildConfigurationList = 7948187E21B5F3E10036D86D /* Build configuration list for PBXNativeTarget "LeBaluchonTests" */;
			buildPhases = (
				7948186321B5F3E10036D86D /* Sources */,
				7948186421B5F3E10036D86D /* Frameworks */,
				7948186521B5F3E10036D86D /* Resources */,
			);
			buildRules = (
			);
			dependencies = (
				7948186921B5F3E10036D86D /* PBXTargetDependency */,
			);
			name = LeBaluchonTests;
			productName = LeBaluchonTests;
			productReference = 7948186721B5F3E10036D86D /* LeBaluchonTests.xctest */;
			productType = "com.apple.product-type.bundle.unit-test";
		};
		7948187121B5F3E10036D86D /* LeBaluchonUITests */ = {
			isa = PBXNativeTarget;
			buildConfigurationList = 7948188121B5F3E10036D86D /* Build configuration list for PBXNativeTarget "LeBaluchonUITests" */;
			buildPhases = (
				7948186E21B5F3E10036D86D /* Sources */,
				7948186F21B5F3E10036D86D /* Frameworks */,
				7948187021B5F3E10036D86D /* Resources */,
			);
			buildRules = (
			);
			dependencies = (
				7948187421B5F3E10036D86D /* PBXTargetDependency */,
			);
			name = LeBaluchonUITests;
			productName = LeBaluchonUITests;
			productReference = 7948187221B5F3E10036D86D /* LeBaluchonUITests.xctest */;
			productType = "com.apple.product-type.bundle.ui-testing";
		};
/* End PBXNativeTarget section */

/* Begin PBXProject section */
		7948184B21B5F3E00036D86D /* Project object */ = {
			isa = PBXProject;
			attributes = {
				LastSwiftUpdateCheck = 0940;
				LastUpgradeCheck = 0940;
				ORGANIZATIONNAME = "Vigneswaranathan Sugeethkumar";
				TargetAttributes = {
					7948185221B5F3E00036D86D = {
						CreatedOnToolsVersion = 9.4.1;
					};
					7948186621B5F3E10036D86D = {
						CreatedOnToolsVersion = 9.4.1;
						TestTargetID = 7948185221B5F3E00036D86D;
					};
					7948187121B5F3E10036D86D = {
						CreatedOnToolsVersion = 9.4.1;
						TestTargetID = 7948185221B5F3E00036D86D;
					};
				};
			};
			buildConfigurationList = 7948184E21B5F3E00036D86D /* Build configuration list for PBXProject "LeBaluchon" */;
			compatibilityVersion = "Xcode 9.3";
			developmentRegion = en;
			hasScannedForEncodings = 0;
			knownRegions = (
				en,
				Base,
			);
			mainGroup = 7948184A21B5F3E00036D86D;
			productRefGroup = 7948185421B5F3E00036D86D /* Products */;
			projectDirPath = "";
			projectRoot = "";
			targets = (
				7948185221B5F3E00036D86D /* LeBaluchon */,
				7948186621B5F3E10036D86D /* LeBaluchonTests */,
				7948187121B5F3E10036D86D /* LeBaluchonUITests */,
			);
		};
/* End PBXProject section */

/* Begin PBXResourcesBuildPhase section */
		7948185121B5F3E00036D86D /* Resources */ = {
			isa = PBXResourcesBuildPhase;
			buildActionMask = 2147483647;
			files = (
				7948186121B5F3E10036D86D /* LaunchScreen.storyboard in Resources */,
				7948185E21B5F3E10036D86D /* Assets.xcassets in Resources */,
				7948185C21B5F3E00036D86D /* Main.storyboard in Resources */,
			);
			runOnlyForDeploymentPostprocessing = 0;
		};
		7948186521B5F3E10036D86D /* Resources */ = {
			isa = PBXResourcesBuildPhase;
			buildActionMask = 2147483647;
			files = (
			);
			runOnlyForDeploymentPostprocessing = 0;
		};
		7948187021B5F3E10036D86D /* Resources */ = {
			isa = PBXResourcesBuildPhase;
			buildActionMask = 2147483647;
			files = (
			);
			runOnlyForDeploymentPostprocessing = 0;
		};
/* End PBXResourcesBuildPhase section */

/* Begin PBXSourcesBuildPhase section */
		7948184F21B5F3E00036D86D /* Sources */ = {
			isa = PBXSourcesBuildPhase;
			buildActionMask = 2147483647;
			files = (
				7948185921B5F3E00036D86D /* ViewController.swift in Sources */,
				7948185721B5F3E00036D86D /* AppDelegate.swift in Sources */,
			);
			runOnlyForDeploymentPostprocessing = 0;
		};
		7948186321B5F3E10036D86D /* Sources */ = {
			isa = PBXSourcesBuildPhase;
			buildActionMask = 2147483647;
			files = (
				7948186C21B5F3E10036D86D /* LeBaluchonTests.swift in Sources */,
			);
			runOnlyForDeploymentPostprocessing = 0;
		};
		7948186E21B5F3E10036D86D /* Sources */ = {
			isa = PBXSourcesBuildPhase;
			buildActionMask = 2147483647;
			files = (
				7948187721B5F3E10036D86D /* LeBaluchonUITests.swift in Sources */,
			);
			runOnlyForDeploymentPostprocessing = 0;
		};
/* End PBXSourcesBuildPhase section */

/* Begin PBXTargetDependency section */
		7948186921B5F3E10036D86D /* PBXTargetDependency */ = {
			isa = PBXTargetDependency;
			target = 7948185221B5F3E00036D86D /* LeBaluchon */;
			targetProxy = 7948186821B5F3E10036D86D /* PBXContainerItemProxy */;
		};
		7948187421B5F3E10036D86D /* PBXTargetDependency */ = {
			isa = PBXTargetDependency;
			target = 7948185221B5F3E00036D86D /* LeBaluchon */;
			targetProxy = 7948187321B5F3E10036D86D /* PBXContainerItemProxy */;
		};
/* End PBXTargetDependency section */

/* Begin PBXVariantGroup section */
		7948185A21B5F3E00036D86D /* Main.storyboard */ = {
			isa = PBXVariantGroup;
			children = (
				7948185B21B5F3E00036D86D /* Base */,
			);
			name = Main.storyboard;
			sourceTree = "<group>";
		};
		7948185F21B5F3E10036D86D /* LaunchScreen.storyboard */ = {
			isa = PBXVariantGroup;
			children = (
				7948186021B5F3E10036D86D /* Base */,
			);
			name = LaunchScreen.storyboard;
			sourceTree = "<group>";
		};
/* End PBXVariantGroup section */

/* Begin XCBuildConfiguration section */
		7948187921B5F3E10036D86D /* Debug */ = {
			isa = XCBuildConfiguration;
			buildSettings = {
				ALWAYS_SEARCH_USER_PATHS = NO;
				CLANG_ANALYZER_NONNULL = YES;
				CLANG_ANALYZER_NUMBER_OBJECT_CONVERSION = YES_AGGRESSIVE;
				CLANG_CXX_LANGUAGE_STANDARD = "gnu++14";
				CLANG_CXX_LIBRARY = "libc++";
				CLANG_ENABLE_MODULES = YES;
				CLANG_ENABLE_OBJC_ARC = YES;
				CLANG_ENABLE_OBJC_WEAK = YES;
				CLANG_WARN_BLOCK_CAPTURE_AUTORELEASING = YES;
				CLANG_WARN_BOOL_CONVERSION = YES;
				CLANG_WARN_COMMA = YES;
				CLANG_WARN_CONSTANT_CONVERSION = YES;
				CLANG_WARN_DEPRECATED_OBJC_IMPLEMENTATIONS = YES;
				CLANG_WARN_DIRECT_OBJC_ISA_USAGE = YES_ERROR;
				CLANG_WARN_DOCUMENTATION_COMMENTS = YES;
				CLANG_WARN_EMPTY_BODY = YES;
				CLANG_WARN_ENUM_CONVERSION = YES;
				CLANG_WARN_INFINITE_RECURSION = YES;
				CLANG_WARN_INT_CONVERSION = YES;
				CLANG_WARN_NON_LITERAL_NULL_CONVERSION = YES;
				CLANG_WARN_OBJC_IMPLICIT_RETAIN_SELF = YES;
				CLANG_WARN_OBJC_LITERAL_CONVERSION = YES;
				CLANG_WARN_OBJC_ROOT_CLASS = YES_ERROR;
				CLANG_WARN_RANGE_LOOP_ANALYSIS = YES;
				CLANG_WARN_STRICT_PROTOTYPES = YES;
				CLANG_WARN_SUSPICIOUS_MOVE = YES;
				CLANG_WARN_UNGUARDED_AVAILABILITY = YES_AGGRESSIVE;
				CLANG_WARN_UNREACHABLE_CODE = YES;
				CLANG_WARN__DUPLICATE_METHOD_MATCH = YES;
				CODE_SIGN_IDENTITY = "iPhone Developer";
				COPY_PHASE_STRIP = NO;
				DEBUG_INFORMATION_FORMAT = dwarf;
				ENABLE_STRICT_OBJC_MSGSEND = YES;
				ENABLE_TESTABILITY = YES;
				GCC_C_LANGUAGE_STANDARD = gnu11;
				GCC_DYNAMIC_NO_PIC = NO;
				GCC_NO_COMMON_BLOCKS = YES;
				GCC_OPTIMIZATION_LEVEL = 0;
				GCC_PREPROCESSOR_DEFINITIONS = (
					"DEBUG=1",
					"$(inherited)",
				);
				GCC_WARN_64_TO_32_BIT_CONVERSION = YES;
				GCC_WARN_ABOUT_RETURN_TYPE = YES_ERROR;
				GCC_WARN_UNDECLARED_SELECTOR = YES;
				GCC_WARN_UNINITIALIZED_AUTOS = YES_AGGRESSIVE;
				GCC_WARN_UNUSED_FUNCTION = YES;
				GCC_WARN_UNUSED_VARIABLE = YES;
				IPHONEOS_DEPLOYMENT_TARGET = 11.4;
				MTL_ENABLE_DEBUG_INFO = YES;
				ONLY_ACTIVE_ARCH = YES;
				SDKROOT = iphoneos;
				SWIFT_ACTIVE_COMPILATION_CONDITIONS = DEBUG;
				SWIFT_OPTIMIZATION_LEVEL = "-Onone";
			};
			name = Debug;
		};
		7948187A21B5F3E10036D86D /* Release */ = {
			isa = XCBuildConfiguration;
			buildSettings = {
				ALWAYS_SEARCH_USER_PATHS = NO;
				CLANG_ANALYZER_NONNULL = YES;
				CLANG_ANALYZER_NUMBER_OBJECT_CONVERSION = YES_AGGRESSIVE;
				CLANG_CXX_LANGUAGE_STANDARD = "gnu++14";
				CLANG_CXX_LIBRARY = "libc++";
				CLANG_ENABLE_MODULES = YES;
				CLANG_ENABLE_OBJC_ARC = YES;
				CLANG_ENABLE_OBJC_WEAK = YES;
				CLANG_WARN_BLOCK_CAPTURE_AUTORELEASING = YES;
				CLANG_WARN_BOOL_CONVERSION = YES;
				CLANG_WARN_COMMA = YES;
				CLANG_WARN_CONSTANT_CONVERSION = YES;
				CLANG_WARN_DEPRECATED_OBJC_IMPLEMENTATIONS = YES;
				CLANG_WARN_DIRECT_OBJC_ISA_USAGE = YES_ERROR;
				CLANG_WARN_DOCUMENTATION_COMMENTS = YES;
				CLANG_WARN_EMPTY_BODY = YES;
				CLANG_WARN_ENUM_CONVERSION = YES;
				CLANG_WARN_INFINITE_RECURSION = YES;
				CLANG_WARN_INT_CONVERSION = YES;
				CLANG_WARN_NON_LITERAL_NULL_CONVERSION = YES;
				CLANG_WARN_OBJC_IMPLICIT_RETAIN_SELF = YES;
				CLANG_WARN_OBJC_LITERAL_CONVERSION = YES;
				CLANG_WARN_OBJC_ROOT_CLASS = YES_ERROR;
				CLANG_WARN_RANGE_LOOP_ANALYSIS = YES;
				CLANG_WARN_STRICT_PROTOTYPES = YES;
				CLANG_WARN_SUSPICIOUS_MOVE = YES;
				CLANG_WARN_UNGUARDED_AVAILABILITY = YES_AGGRESSIVE;
				CLANG_WARN_UNREACHABLE_CODE = YES;
				CLANG_WARN__DUPLICATE_METHOD_MATCH = YES;
				CODE_SIGN_IDENTITY = "iPhone Developer";
				COPY_PHASE_STRIP = NO;
				DEBUG_INFORMATION_FORMAT = "dwarf-with-dsym";
				ENABLE_NS_ASSERTIONS = NO;
				ENABLE_STRICT_OBJC_MSGSEND = YES;
				GCC_C_LANGUAGE_STANDARD = gnu11;
				GCC_NO_COMMON_BLOCKS = YES;
				GCC_WARN_64_TO_32_BIT_CONVERSION = YES;
				GCC_WARN_ABOUT_RETURN_TYPE = YES_ERROR;
				GCC_WARN_UNDECLARED_SELECTOR = YES;
				GCC_WARN_UNINITIALIZED_AUTOS = YES_AGGRESSIVE;
				GCC_WARN_UNUSED_FUNCTION = YES;
				GCC_WARN_UNUSED_VARIABLE = YES;
				IPHONEOS_DEPLOYMENT_TARGET = 11.4;
				MTL_ENABLE_DEBUG_INFO = NO;
				SDKROOT = iphoneos;
				SWIFT_COMPILATION_MODE = wholemodule;
				SWIFT_OPTIMIZATION_LEVEL = "-O";
				VALIDATE_PRODUCT = YES;
			};
			name = Release;
		};
		7948187C21B5F3E10036D86D /* Debug */ = {
			isa = XCBuildConfiguration;
			buildSettings = {
				ASSETCATALOG_COMPILER_APPICON_NAME = AppIcon;
				CODE_SIGN_STYLE = Automatic;
				INFOPLIST_FILE = LeBaluchon/Info.plist;
				LD_RUNPATH_SEARCH_PATHS = (
					"$(inherited)",
					"@executable_path/Frameworks",
				);
				PRODUCT_BUNDLE_IDENTIFIER = com.sugeeth.LeBaluchon;
				PRODUCT_NAME = "$(TARGET_NAME)";
				SWIFT_VERSION = 4.0;
				TARGETED_DEVICE_FAMILY = "1,2";
			};
			name = Debug;
		};
		7948187D21B5F3E10036D86D /* Release */ = {
			isa = XCBuildConfiguration;
			buildSettings = {
				ASSETCATALOG_COMPILER_APPICON_NAME = AppIcon;
				CODE_SIGN_STYLE = Automatic;
				INFOPLIST_FILE = LeBaluchon/Info.plist;
				LD_RUNPATH_SEARCH_PATHS = (
					"$(inherited)",
					"@executable_path/Frameworks",
				);
				PRODUCT_BUNDLE_IDENTIFIER = com.sugeeth.LeBaluchon;
				PRODUCT_NAME = "$(TARGET_NAME)";
				SWIFT_VERSION = 4.0;
				TARGETED_DEVICE_FAMILY = "1,2";
			};
			name = Release;
		};
		7948187F21B5F3E10036D86D /* Debug */ = {
			isa = XCBuildConfiguration;
			buildSettings = {
				ALWAYS_EMBED_SWIFT_STANDARD_LIBRARIES = YES;
				BUNDLE_LOADER = "$(TEST_HOST)";
				CODE_SIGN_STYLE = Automatic;
				INFOPLIST_FILE = LeBaluchonTests/Info.plist;
				LD_RUNPATH_SEARCH_PATHS = (
					"$(inherited)",
					"@executable_path/Frameworks",
					"@loader_path/Frameworks",
				);
				PRODUCT_BUNDLE_IDENTIFIER = com.sugeeth.LeBaluchonTests;
				PRODUCT_NAME = "$(TARGET_NAME)";
				SWIFT_VERSION = 4.0;
				TARGETED_DEVICE_FAMILY = "1,2";
				TEST_HOST = "$(BUILT_PRODUCTS_DIR)/LeBaluchon.app/LeBaluchon";
			};
			name = Debug;
		};
		7948188021B5F3E10036D86D /* Release */ = {
			isa = XCBuildConfiguration;
			buildSettings = {
				ALWAYS_EMBED_SWIFT_STANDARD_LIBRARIES = YES;
				BUNDLE_LOADER = "$(TEST_HOST)";
				CODE_SIGN_STYLE = Automatic;
				INFOPLIST_FILE = LeBaluchonTests/Info.plist;
				LD_RUNPATH_SEARCH_PATHS = (
					"$(inherited)",
					"@executable_path/Frameworks",
					"@loader_path/Frameworks",
				);
				PRODUCT_BUNDLE_IDENTIFIER = com.sugeeth.LeBaluchonTests;
				PRODUCT_NAME = "$(TARGET_NAME)";
				SWIFT_VERSION = 4.0;
				TARGETED_DEVICE_FAMILY = "1,2";
				TEST_HOST = "$(BUILT_PRODUCTS_DIR)/LeBaluchon.app/LeBaluchon";
			};
			name = Release;
		};
		7948188221B5F3E10036D86D /* Debug */ = {
			isa = XCBuildConfiguration;
			buildSettings = {
				ALWAYS_EMBED_SWIFT_STANDARD_LIBRARIES = YES;
				CODE_SIGN_STYLE = Automatic;
				INFOPLIST_FILE = LeBaluchonUITests/Info.plist;
				LD_RUNPATH_SEARCH_PATHS = (
					"$(inherited)",
					"@executable_path/Frameworks",
					"@loader_path/Frameworks",
				);
				PRODUCT_BUNDLE_IDENTIFIER = com.sugeeth.LeBaluchonUITests;
				PRODUCT_NAME = "$(TARGET_NAME)";
				SWIFT_VERSION = 4.0;
				TARGETED_DEVICE_FAMILY = "1,2";
				TEST_TARGET_NAME = LeBaluchon;
			};
			name = Debug;
		};
		7948188321B5F3E10036D86D /* Release */ = {
			isa = XCBuildConfiguration;
			buildSettings = {
				ALWAYS_EMBED_SWIFT_STANDARD_LIBRARIES = YES;
				CODE_SIGN_STYLE = Automatic;
				INFOPLIST_FILE = LeBaluchonUITests/Info.plist;
				LD_RUNPATH_SEARCH_PATHS = (
					"$(inherited)",
					"@executable_path/Frameworks",
					"@loader_path/Frameworks",
				);
				PRODUCT_BUNDLE_IDENTIFIER = com.sugeeth.LeBaluchonUITests;
				PRODUCT_NAME = "$(TARGET_NAME)";
				SWIFT_VERSION = 4.0;
				TARGETED_DEVICE_FAMILY = "1,2";
				TEST_TARGET_NAME = LeBaluchon;
			};
			name = Release;
		};
/* End XCBuildConfiguration section */

/* Begin XCConfigurationList section */
		7948184E21B5F3E00036D86D /* Build configuration list for PBXProject "LeBaluchon" */ = {
			isa = XCConfigurationList;
			buildConfigurations = (
				7948187921B5F3E10036D86D /* Debug */,
				7948187A21B5F3E10036D86D /* Release */,
			);
			defaultConfigurationIsVisible = 0;
			defaultConfigurationName = Release;
		};
		7948187B21B5F3E10036D86D /* Build configuration list for PBXNativeTarget "LeBaluchon" */ = {
			isa = XCConfigurationList;
			buildConfigurations = (
				7948187C21B5F3E10036D86D /* Debug */,
				7948187D21B5F3E10036D86D /* Release */,
			);
			defaultConfigurationIsVisible = 0;
			defaultConfigurationName = Release;
		};
		7948187E21B5F3E10036D86D /* Build configuration list for PBXNativeTarget "LeBaluchonTests" */ = {
			isa = XCConfigurationList;
			buildConfigurations = (
				7948187F21B5F3E10036D86D /* Debug */,
				7948188021B5F3E10036D86D /* Release */,
			);
			defaultConfigurationIsVisible = 0;
			defaultConfigurationName = Release;
		};
		7948188121B5F3E10036D86D /* Build configuration list for PBXNativeTarget "LeBaluchonUITests" */ = {
			isa = XCConfigurationList;
			buildConfigurations = (
				7948188221B5F3E10036D86D /* Debug */,
				7948188321B5F3E10036D86D /* Release */,
			);
			defaultConfigurationIsVisible = 0;
			defaultConfigurationName = Release;
		};
/* End XCConfigurationList section */
	};
	rootObject = 7948184B21B5F3E00036D86D /* Project object */;
}
